
Microsoft Visual Studio Solution File, Format Version 12.00
# Visual Studio Version 16
VisualStudioVersion = 16.0.29009.5
MinimumVisualStudioVersion = 10.0.40219.1
Project("{FAE04EC0-301F-11D3-BF4B-00C04F79EFBC}") = "CoreSpa.WebApi", "CoreSpa.WebApi\CoreSpa.WebApi.csproj", "{F564FDDC-F6AE-4422-A940-1587836CFF81}"
EndProject
Global
	GlobalSection(SolutionConfigurationPlatforms) = preSolution
		Debug|Any CPU = Debug|Any CPU
		Release|Any CPU = Release|Any CPU
	EndGlobalSection
	GlobalSection(ProjectConfigurationPlatforms) = postSolution
		{F564FDDC-F6AE-4422-A940-1587836CFF81}.Debug|Any CPU.ActiveCfg = Debug|Any CPU
		{F564FDDC-F6AE-4422-A940-1587836CFF81}.Debug|Any CPU.Build.0 = Debug|Any CPU
		{F564FDDC-F6AE-4422-A940-1587836CFF81}.Release|Any CPU.ActiveCfg = Release|Any CPU
		{F564FDDC-F6AE-4422-A940-1587836CFF81}.Release|Any CPU.Build.0 = Release|Any CPU
	EndGlobalSection
	GlobalSection(SolutionProperties) = preSolution
		HideSolutionNode = FALSE
	EndGlobalSection
	GlobalSection(ExtensibilityGlobals) = postSolution
		SolutionGuid = {C652F26F-1043-446D-9DC9-7FE1ECD7E36A}
	EndGlobalSection
EndGlobal
